# THIS IS AN AUTOGENERATED FILE. DO NOT EDIT THIS FILE DIRECTLY.
# yarn lockfile v1


emitter-component@^1.1.1:
  version "1.1.1"
  resolved "https://registry.yarnpkg.com/emitter-component/-/emitter-component-1.1.1.tgz#065e2dbed6959bf470679edabeaf7981d1003ab6"

htan-prime@0.0.1:
  version "0.0.1"
  resolved "https://registry.yarnpkg.com/htan-prime/-/htan-prime-0.0.1.tgz#744bea1015ad1717b4a806ea7846b2d4fdbc8eff"

htan@0.0.3:
  version "0.0.3"
  resolved "https://registry.yarnpkg.com/htan/-/htan-0.0.3.tgz#8cd0ce77454659b35060648bc2e977c7096eb280"

node-matrix@0.1.1:
  version "0.1.1"
  resolved "https://registry.yarnpkg.com/node-matrix/-/node-matrix-0.1.1.tgz#3bdc3935cb501623a1cacbdc996ab1368769f6ee"

node-mind@^1.0.1:
  version "1.0.1"
  resolved "https://registry.yarnpkg.com/node-mind/-/node-mind-1.0.1.tgz#c2dc1448334fcc4ce92f790e8d5e0a1b9d8eee6d"
  dependencies:
    emitter-component "^1.1.1"
    htan "0.0.3"
    htan-prime "0.0.1"
    node-matrix "0.1.1"
    samples "0.0.2"
    sigmoid "0.0.1"
    sigmoid-prime "0.0.1"

samples@0.0.2:
  version "0.0.2"
  resolved "https://registry.yarnpkg.com/samples/-/samples-0.0.2.tgz#eaff03dd0262e430c9f790c2052c83b14f5a3129"

sigmoid-prime@0.0.1:
  version "0.0.1"
  resolved "https://registry.yarnpkg.com/sigmoid-prime/-/sigmoid-prime-0.0.1.tgz#fd1d824e85ca37511b423d48e3589478fae7aa07"

sigmoid@0.0.1:
  version "0.0.1"
  resolved "https://registry.yarnpkg.com/sigmoid/-/sigmoid-0.0.1.tgz#b15d37258742293f697008162ab8b9ac4749b4a4"
